
Microsoft Visual Studio Solution File, Format Version 12.00
# Visual Studio Version 17
VisualStudioVersion = 17.6.33829.357
MinimumVisualStudioVersion = 10.0.40219.1
Project("{FAE04EC0-301F-11D3-BF4B-00C04F79EFBC}") = "onboarding tool", "onboarding tool\onboarding tool.csproj", "{47D473A8-55CC-4991-9674-9CA02E7A977E}"
EndProject
Global
	GlobalSection(SolutionConfigurationPlatforms) = preSolution
		Debug|Any CPU = Debug|Any CPU
		Release|Any CPU = Release|Any CPU
	EndGlobalSection
	GlobalSection(ProjectConfigurationPlatforms) = postSolution
		{47D473A8-55CC-4991-9674-9CA02E7A977E}.Debug|Any CPU.ActiveCfg = Debug|Any CPU
		{47D473A8-55CC-4991-9674-9CA02E7A977E}.Debug|Any CPU.Build.0 = Debug|Any CPU
		{47D473A8-55CC-4991-9674-9CA02E7A977E}.Release|Any CPU.ActiveCfg = Release|Any CPU
		{47D473A8-55CC-4991-9674-9CA02E7A977E}.Release|Any CPU.Build.0 = Release|Any CPU
	EndGlobalSection
	GlobalSection(SolutionProperties) = preSolution
		HideSolutionNode = FALSE
	EndGlobalSection
	GlobalSection(ExtensibilityGlobals) = postSolution
		SolutionGuid = {4DFE28A0-EFBC-4F84-9694-8E88D210964E}
	EndGlobalSection
EndGlobal
